// !$*UTF8*$!
{
	archiveVersion = 1;
	classes = {
	};
	objectVersion = 46;
	objects = {

/* Begin PBXAggregateTarget section */
		E26C677DE2BA4BE699888154 /* ZERO_CHECK */ = {
			isa = PBXAggregateTarget;
			buildConfigurationList = 20F21A0CC14B40FBB4704DBB /* Build configuration list for PBXAggregateTarget "ZERO_CHECK" */;
			buildPhases = (
				1C34D37F91B14C0DBBDDB700 /* CMake Rules */,
			);
			dependencies = (
			);
			name = ZERO_CHECK;
			productName = ZERO_CHECK;
		};
		ECD723146BF84D75A8603596 /* ALL_BUILD */ = {
			isa = PBXAggregateTarget;
			buildConfigurationList = E8864D95B323479BA345A403 /* Build configuration list for PBXAggregateTarget "ALL_BUILD" */;
			buildPhases = (
				3A986D8A129342D28F4DA834 /* CMake Rules */,
			);
			dependencies = (
				365970BDEC5B41B2B748F3CC /* PBXTargetDependency */,
				352A49D3E59440419D440751 /* PBXTargetDependency */,
			);
			name = ALL_BUILD;
			productName = ALL_BUILD;
		};
/* End PBXAggregateTarget section */

/* Begin PBXBuildFile section */
		0162AA5424DA4B4ABB3F1961 /* tools.cpp in Sources */ = {isa = PBXBuildFile; fileRef = 0837010BCB5E4A489D724708 /* tools.cpp */; };
		C65FA4445AA54369AB1AAE08 /* ukf.cpp in Sources */ = {isa = PBXBuildFile; fileRef = D97D92C25DEE4A30B3B5806C /* ukf.cpp */; };
		D0ADE9A1745A48C089D181E7 /* main.cpp in Sources */ = {isa = PBXBuildFile; fileRef = D266959C4CCE483995A233A5 /* main.cpp */; };
/* End PBXBuildFile section */

/* Begin PBXContainerItemProxy section */
		63834F66B70445AF8D124279 /* PBXContainerItemProxy */ = {
			isa = PBXContainerItemProxy;
			containerPortal = 6261717DFBAB4A3E91B906B3 /* Project object */;
			proxyType = 1;
			remoteGlobalIDString = E26C677DE2BA4BE699888154;
			remoteInfo = ZERO_CHECK;
		};
		BD5216EDEB3E4335972A3634 /* PBXContainerItemProxy */ = {
			isa = PBXContainerItemProxy;
			containerPortal = 6261717DFBAB4A3E91B906B3 /* Project object */;
			proxyType = 1;
			remoteGlobalIDString = CEA68754D07C4A25B13066C8;
			remoteInfo = UnscentedKF;
		};
		BE95F4A9AE30484F9BA44310 /* PBXContainerItemProxy */ = {
			isa = PBXContainerItemProxy;
			containerPortal = 6261717DFBAB4A3E91B906B3 /* Project object */;
			proxyType = 1;
			remoteGlobalIDString = E26C677DE2BA4BE699888154;
			remoteInfo = ZERO_CHECK;
		};
/* End PBXContainerItemProxy section */

/* Begin PBXFileReference section */
		0837010BCB5E4A489D724708 /* tools.cpp */ = {isa = PBXFileReference; explicitFileType = sourcecode.cpp.cpp; fileEncoding = 4; name = tools.cpp; path = src/tools.cpp; sourceTree = SOURCE_ROOT; };
		23A64A0F1F0DAB5F006B0F52 /* ukf.h */ = {isa = PBXFileReference; lastKnownFileType = sourcecode.c.h; name = ukf.h; path = src/ukf.h; sourceTree = "<group>"; };
		2BE7CC391DFB42D18DB1A75B /* CMakeLists.txt */ = {isa = PBXFileReference; explicitFileType = sourcecode.text; fileEncoding = 4; lastKnownFileType = text; path = CMakeLists.txt; sourceTree = SOURCE_ROOT; };
		5E6861B504034BA785194238 /* UnscentedKF */ = {isa = PBXFileReference; explicitFileType = "compiled.mach-o.executable"; path = UnscentedKF; sourceTree = BUILT_PRODUCTS_DIR; };
		85FC7E30D73D436CB8D88BFA /* CMakeLists.txt */ = {isa = PBXFileReference; explicitFileType = sourcecode.text; fileEncoding = 4; lastKnownFileType = text; path = CMakeLists.txt; sourceTree = SOURCE_ROOT; };
		9E0352774BCC4BFD8F219C19 /* CMakeLists.txt */ = {isa = PBXFileReference; explicitFileType = sourcecode.text; fileEncoding = 4; lastKnownFileType = text; path = CMakeLists.txt; sourceTree = SOURCE_ROOT; };
		D266959C4CCE483995A233A5 /* main.cpp */ = {isa = PBXFileReference; explicitFileType = sourcecode.cpp.cpp; fileEncoding = 4; name = main.cpp; path = src/main.cpp; sourceTree = SOURCE_ROOT; };
		D97D92C25DEE4A30B3B5806C /* ukf.cpp */ = {isa = PBXFileReference; explicitFileType = sourcecode.cpp.cpp; fileEncoding = 4; name = ukf.cpp; path = src/ukf.cpp; sourceTree = SOURCE_ROOT; };
/* End PBXFileReference section */

/* Begin PBXGroup section */
		033C3BEE12A341018C0B5313 /* ALL_BUILD */ = {
			isa = PBXGroup;
			children = (
				52BD3C12A2E24CC5BA0BD8C8 /* CMake Rules */,
				2BE7CC391DFB42D18DB1A75B /* CMakeLists.txt */,
			);
			name = ALL_BUILD;
			sourceTree = "<group>";
		};
		1731FA1C9CE740CFA3FF8876 /* CMake Rules */ = {
			isa = PBXGroup;
			children = (
			);
			name = "CMake Rules";
			sourceTree = "<group>";
		};
		2483F160A4FC426DA284E5DB /* Products */ = {
			isa = PBXGroup;
			children = (
				5E6861B504034BA785194238 /* UnscentedKF */,
			);
			name = Products;
			sourceTree = "<group>";
		};
		478FC5DA4CA0403AA03AAD07 /* Resources */ = {
			isa = PBXGroup;
			children = (
			);
			name = Resources;
			sourceTree = "<group>";
		};
		4DFF072B6121425890535EC5 /* ZERO_CHECK */ = {
			isa = PBXGroup;
			children = (
				1731FA1C9CE740CFA3FF8876 /* CMake Rules */,
				9E0352774BCC4BFD8F219C19 /* CMakeLists.txt */,
			);
			name = ZERO_CHECK;
			sourceTree = "<group>";
		};
		52BD3C12A2E24CC5BA0BD8C8 /* CMake Rules */ = {
			isa = PBXGroup;
			children = (
			);
			name = "CMake Rules";
			sourceTree = "<group>";
		};
		6BB55954BD694C31AE483E62 = {
			isa = PBXGroup;
			children = (
				EAE6891297AA4033BA115853 /* Sources */,
				478FC5DA4CA0403AA03AAD07 /* Resources */,
				2483F160A4FC426DA284E5DB /* Products */,
			);
			sourceTree = "<group>";
		};
		97B9F2F709704BDC9EC18C23 /* Source Files */ = {
			isa = PBXGroup;
			children = (
				D266959C4CCE483995A233A5 /* main.cpp */,
				D97D92C25DEE4A30B3B5806C /* ukf.cpp */,
				23A64A0F1F0DAB5F006B0F52 /* ukf.h */,
				0837010BCB5E4A489D724708 /* tools.cpp */,
			);
			name = "Source Files";
			sourceTree = "<group>";
		};
		D98C31240AA549C3936F6F46 /* UnscentedKF */ = {
			isa = PBXGroup;
			children = (
				97B9F2F709704BDC9EC18C23 /* Source Files */,
				85FC7E30D73D436CB8D88BFA /* CMakeLists.txt */,
			);
			name = UnscentedKF;
			sourceTree = "<group>";
		};
		EAE6891297AA4033BA115853 /* Sources */ = {
			isa = PBXGroup;
			children = (
				D98C31240AA549C3936F6F46 /* UnscentedKF */,
				033C3BEE12A341018C0B5313 /* ALL_BUILD */,
				4DFF072B6121425890535EC5 /* ZERO_CHECK */,
			);
			name = Sources;
			sourceTree = "<group>";
		};
/* End PBXGroup section */

/* Begin PBXNativeTarget section */
		CEA68754D07C4A25B13066C8 /* UnscentedKF */ = {
			isa = PBXNativeTarget;
			buildConfigurationList = DF55124AB2FD446E880CE1C7 /* Build configuration list for PBXNativeTarget "UnscentedKF" */;
			buildPhases = (
				367AC5079B154829BDAAFA55 /* Sources */,
			);
			buildRules = (
			);
			dependencies = (
				70B02D1217DB404A894C2A8C /* PBXTargetDependency */,
			);
			name = UnscentedKF;
			productName = UnscentedKF;
			productReference = 5E6861B504034BA785194238 /* UnscentedKF */;
			productType = "com.apple.product-type.tool";
		};
/* End PBXNativeTarget section */

/* Begin PBXProject section */
		6261717DFBAB4A3E91B906B3 /* Project object */ = {
			isa = PBXProject;
			attributes = {
				BuildIndependentTargetsInParallel = YES;
				LastUpgradeCheck = 0830;
			};
			buildConfigurationList = 6FB062DEE259415A88D8394C /* Build configuration list for PBXProject "UnscentedKF" */;
			compatibilityVersion = "Xcode 3.2";
			developmentRegion = English;
			hasScannedForEncodings = 0;
			knownRegions = (
				en,
			);
			mainGroup = 6BB55954BD694C31AE483E62;
			projectDirPath = "";
			projectRoot = "";
			targets = (
				ECD723146BF84D75A8603596 /* ALL_BUILD */,
				CEA68754D07C4A25B13066C8 /* UnscentedKF */,
				E26C677DE2BA4BE699888154 /* ZERO_CHECK */,
			);
		};
/* End PBXProject section */

/* Begin PBXShellScriptBuildPhase section */
		1C34D37F91B14C0DBBDDB700 /* CMake Rules */ = {
			isa = PBXShellScriptBuildPhase;
			buildActionMask = 2147483647;
			files = (
			);
			name = "CMake Rules";
			runOnlyForDeploymentPostprocessing = 0;
			shellPath = /bin/sh;
			shellScript = "make -C /Users/alberto.naranjo/Documents/SD\\ Nanodegree\\ 2017/Term2/Unscented\\ Kalman\\ Filter/CarND-Unscented-Kalman-Filter-Project -f /Users/alberto.naranjo/Documents/SD\\ Nanodegree\\ 2017/Term2/Unscented\\ Kalman\\ Filter/CarND-Unscented-Kalman-Filter-Project/CMakeScripts/ZERO_CHECK_cmakeRulesBuildPhase.make$CONFIGURATION all";
			showEnvVarsInLog = 0;
		};
		3A986D8A129342D28F4DA834 /* CMake Rules */ = {
			isa = PBXShellScriptBuildPhase;
			buildActionMask = 2147483647;
			files = (
			);
			name = "CMake Rules";
			runOnlyForDeploymentPostprocessing = 0;
			shellPath = /bin/sh;
			shellScript = "make -C /Users/alberto.naranjo/Documents/SD\\ Nanodegree\\ 2017/Term2/Unscented\\ Kalman\\ Filter/CarND-Unscented-Kalman-Filter-Project -f /Users/alberto.naranjo/Documents/SD\\ Nanodegree\\ 2017/Term2/Unscented\\ Kalman\\ Filter/CarND-Unscented-Kalman-Filter-Project/CMakeScripts/ALL_BUILD_cmakeRulesBuildPhase.make$CONFIGURATION all";
			showEnvVarsInLog = 0;
		};
/* End PBXShellScriptBuildPhase section */

/* Begin PBXSourcesBuildPhase section */
		367AC5079B154829BDAAFA55 /* Sources */ = {
			isa = PBXSourcesBuildPhase;
			buildActionMask = 2147483647;
			files = (
				D0ADE9A1745A48C089D181E7 /* main.cpp in Sources */,
				0162AA5424DA4B4ABB3F1961 /* tools.cpp in Sources */,
				C65FA4445AA54369AB1AAE08 /* ukf.cpp in Sources */,
			);
			runOnlyForDeploymentPostprocessing = 0;
		};
/* End PBXSourcesBuildPhase section */

/* Begin PBXTargetDependency section */
		352A49D3E59440419D440751 /* PBXTargetDependency */ = {
			isa = PBXTargetDependency;
			target = E26C677DE2BA4BE699888154 /* ZERO_CHECK */;
			targetProxy = 63834F66B70445AF8D124279 /* PBXContainerItemProxy */;
		};
		365970BDEC5B41B2B748F3CC /* PBXTargetDependency */ = {
			isa = PBXTargetDependency;
			target = CEA68754D07C4A25B13066C8 /* UnscentedKF */;
			targetProxy = BD5216EDEB3E4335972A3634 /* PBXContainerItemProxy */;
		};
		70B02D1217DB404A894C2A8C /* PBXTargetDependency */ = {
			isa = PBXTargetDependency;
			target = E26C677DE2BA4BE699888154 /* ZERO_CHECK */;
			targetProxy = BE95F4A9AE30484F9BA44310 /* PBXContainerItemProxy */;
		};
/* End PBXTargetDependency section */

/* Begin XCBuildConfiguration section */
		1B59CD3541BC45839D32C06E /* Release */ = {
			isa = XCBuildConfiguration;
			buildSettings = {
				ONLY_ACTIVE_ARCH = YES;
				SDKROOT = /Applications/Xcode.app/Contents/Developer/Platforms/MacOSX.platform/Developer/SDKs/MacOSX10.12.sdk;
				SYMROOT = "/Users/alberto.naranjo/Documents/SD Nanodegree 2017/Term2/Unscented Kalman Filter/CarND-Unscented-Kalman-Filter-Project/build";
			};
			name = Release;
		};
		4DEB740A8C9446EBAAE649D7 /* Debug */ = {
			isa = XCBuildConfiguration;
			buildSettings = {
				COMBINE_HIDPI_IMAGES = YES;
				GCC_GENERATE_DEBUGGING_SYMBOLS = YES;
				GCC_INLINES_ARE_PRIVATE_EXTERN = NO;
				GCC_OPTIMIZATION_LEVEL = 0;
				GCC_PREPROCESSOR_DEFINITIONS = "'CMAKE_INTDIR=\"$(CONFIGURATION)$(EFFECTIVE_PLATFORM_NAME)\"'";
				GCC_SYMBOLS_PRIVATE_EXTERN = NO;
				HEADER_SEARCH_PATHS = (
					/usr/local/include,
					/usr/local/opt/openssl/include,
					"'/Users/alberto.naranjo/Documents/SD Nanodegree 2017/Term2/Unscented Kalman Filter/CarND-Unscented-Kalman-Filter-Project/src'",
				);
				INSTALL_PATH = "";
				OTHER_LDFLAGS = " ";
				OTHER_REZFLAGS = "";
				PRODUCT_NAME = ALL_BUILD;
				SECTORDER_FLAGS = "";
				SYMROOT = "/Users/alberto.naranjo/Documents/SD Nanodegree 2017/Term2/Unscented Kalman Filter/CarND-Unscented-Kalman-Filter-Project";
				USE_HEADERMAP = NO;
				WARNING_CFLAGS = (
					"-Wmost",
					"-Wno-four-char-constants",
					"-Wno-unknown-pragmas",
					"$(inherited)",
				);
			};
			name = Debug;
		};
		51BC4302FFFC4A15827B710A /* RelWithDebInfo */ = {
			isa = XCBuildConfiguration;
			buildSettings = {
				COMBINE_HIDPI_IMAGES = YES;
				EXECUTABLE_PREFIX = "";
				EXECUTABLE_SUFFIX = "";
				GCC_GENERATE_DEBUGGING_SYMBOLS = YES;
				GCC_INLINES_ARE_PRIVATE_EXTERN = NO;
				GCC_OPTIMIZATION_LEVEL = 2;
				GCC_PREPROCESSOR_DEFINITIONS = "'CMAKE_INTDIR=\"$(CONFIGURATION)$(EFFECTIVE_PLATFORM_NAME)\"'";
				GCC_SYMBOLS_PRIVATE_EXTERN = NO;
				HEADER_SEARCH_PATHS = (
					/usr/local/include,
					/usr/local/opt/openssl/include,
					"'/Users/alberto.naranjo/Documents/SD Nanodegree 2017/Term2/Unscented Kalman Filter/CarND-Unscented-Kalman-Filter-Project/src'",
				);
				INSTALL_PATH = "";
				LD_RUNPATH_SEARCH_PATHS = "/usr/local/lib /usr/local/opt/openssl/lib /usr/local/Cellar/libuv/1.11.0/lib";
				LIBRARY_SEARCH_PATHS = (
					"/usr/local/lib/$(CONFIGURATION)$(EFFECTIVE_PLATFORM_NAME)",
					/usr/local/lib,
					"/usr/local/opt/openssl/lib/$(CONFIGURATION)$(EFFECTIVE_PLATFORM_NAME)",
					/usr/local/opt/openssl/lib,
					"/usr/local/Cellar/libuv/1.11.0/lib/$(CONFIGURATION)$(EFFECTIVE_PLATFORM_NAME)",
					/usr/local/Cellar/libuv/1.11.0/lib,
				);
				OTHER_CPLUSPLUSFLAGS = (
					"-DNDEBUG",
					"-I/usr/local/include",
					"-I/usr/local/opt/openssl/include",
					"-std=c++11",
				);
				OTHER_LDFLAGS = (
					"-Wl,-search_paths_first",
					"-Wl,-headerpad_max_install_names",
					"-lz",
					"-lssl",
					"-luv",
					"-luWS",
				);
				OTHER_REZFLAGS = "";
				PRODUCT_NAME = UnscentedKF;
				SECTORDER_FLAGS = "";
				SYMROOT = "/Users/alberto.naranjo/Documents/SD Nanodegree 2017/Term2/Unscented Kalman Filter/CarND-Unscented-Kalman-Filter-Project";
				USE_HEADERMAP = NO;
				WARNING_CFLAGS = (
					"-Wmost",
					"-Wno-four-char-constants",
					"-Wno-unknown-pragmas",
					"$(inherited)",
				);
			};
			name = RelWithDebInfo;
		};
		59741BEDBC3249529D3E4260 /* MinSizeRel */ = {
			isa = XCBuildConfiguration;
			buildSettings = {
				COMBINE_HIDPI_IMAGES = YES;
				GCC_GENERATE_DEBUGGING_SYMBOLS = YES;
				GCC_INLINES_ARE_PRIVATE_EXTERN = NO;
				GCC_OPTIMIZATION_LEVEL = 0;
				GCC_PREPROCESSOR_DEFINITIONS = "'CMAKE_INTDIR=\"$(CONFIGURATION)$(EFFECTIVE_PLATFORM_NAME)\"'";
				GCC_SYMBOLS_PRIVATE_EXTERN = NO;
				HEADER_SEARCH_PATHS = (
					/usr/local/include,
					/usr/local/opt/openssl/include,
					"'/Users/alberto.naranjo/Documents/SD Nanodegree 2017/Term2/Unscented Kalman Filter/CarND-Unscented-Kalman-Filter-Project/src'",
				);
				INSTALL_PATH = "";
				OTHER_LDFLAGS = " ";
				OTHER_REZFLAGS = "";
				PRODUCT_NAME = ALL_BUILD;
				SECTORDER_FLAGS = "";
				SYMROOT = "/Users/alberto.naranjo/Documents/SD Nanodegree 2017/Term2/Unscented Kalman Filter/CarND-Unscented-Kalman-Filter-Project";
				USE_HEADERMAP = NO;
				WARNING_CFLAGS = (
					"-Wmost",
					"-Wno-four-char-constants",
					"-Wno-unknown-pragmas",
					"$(inherited)",
				);
			};
			name = MinSizeRel;
		};
		72A7FADF96AC416A85073333 /* RelWithDebInfo */ = {
			isa = XCBuildConfiguration;
			buildSettings = {
				COMBINE_HIDPI_IMAGES = YES;
				GCC_GENERATE_DEBUGGING_SYMBOLS = YES;
				GCC_INLINES_ARE_PRIVATE_EXTERN = NO;
				GCC_OPTIMIZATION_LEVEL = 0;
				GCC_PREPROCESSOR_DEFINITIONS = "'CMAKE_INTDIR=\"$(CONFIGURATION)$(EFFECTIVE_PLATFORM_NAME)\"'";
				GCC_SYMBOLS_PRIVATE_EXTERN = NO;
				HEADER_SEARCH_PATHS = (
					/usr/local/include,
					/usr/local/opt/openssl/include,
					"'/Users/alberto.naranjo/Documents/SD Nanodegree 2017/Term2/Unscented Kalman Filter/CarND-Unscented-Kalman-Filter-Project/src'",
				);
				INSTALL_PATH = "";
				OTHER_LDFLAGS = " ";
				OTHER_REZFLAGS = "";
				PRODUCT_NAME = ALL_BUILD;
				SECTORDER_FLAGS = "";
				SYMROOT = "/Users/alberto.naranjo/Documents/SD Nanodegree 2017/Term2/Unscented Kalman Filter/CarND-Unscented-Kalman-Filter-Project";
				USE_HEADERMAP = NO;
				WARNING_CFLAGS = (
					"-Wmost",
					"-Wno-four-char-constants",
					"-Wno-unknown-pragmas",
					"$(inherited)",
				);
			};
			name = RelWithDebInfo;
		};
		7692F063792D4FE79BA8B533 /* MinSizeRel */ = {
			isa = XCBuildConfiguration;
			buildSettings = {
				ONLY_ACTIVE_ARCH = YES;
				SDKROOT = /Applications/Xcode.app/Contents/Developer/Platforms/MacOSX.platform/Developer/SDKs/MacOSX10.12.sdk;
				SYMROOT = "/Users/alberto.naranjo/Documents/SD Nanodegree 2017/Term2/Unscented Kalman Filter/CarND-Unscented-Kalman-Filter-Project/build";
			};
			name = MinSizeRel;
		};
		7AD0DD00D6EE453A80AF1029 /* RelWithDebInfo */ = {
			isa = XCBuildConfiguration;
			buildSettings = {
				ONLY_ACTIVE_ARCH = YES;
				SDKROOT = /Applications/Xcode.app/Contents/Developer/Platforms/MacOSX.platform/Developer/SDKs/MacOSX10.12.sdk;
				SYMROOT = "/Users/alberto.naranjo/Documents/SD Nanodegree 2017/Term2/Unscented Kalman Filter/CarND-Unscented-Kalman-Filter-Project/build";
			};
			name = RelWithDebInfo;
		};
		7DF8C0A1910047018A2376E2 /* Debug */ = {
			isa = XCBuildConfiguration;
			buildSettings = {
				COMBINE_HIDPI_IMAGES = YES;
				EXECUTABLE_PREFIX = "";
				EXECUTABLE_SUFFIX = "";
				GCC_GENERATE_DEBUGGING_SYMBOLS = YES;
				GCC_INLINES_ARE_PRIVATE_EXTERN = NO;
				GCC_OPTIMIZATION_LEVEL = 0;
				GCC_PREPROCESSOR_DEFINITIONS = "'CMAKE_INTDIR=\"$(CONFIGURATION)$(EFFECTIVE_PLATFORM_NAME)\"'";
				GCC_SYMBOLS_PRIVATE_EXTERN = NO;
				HEADER_SEARCH_PATHS = (
					/usr/local/include,
					/usr/local/opt/openssl/include,
					"'/Users/alberto.naranjo/Documents/SD Nanodegree 2017/Term2/Unscented Kalman Filter/CarND-Unscented-Kalman-Filter-Project/src'",
				);
				INSTALL_PATH = "";
				LD_RUNPATH_SEARCH_PATHS = "/usr/local/lib /usr/local/opt/openssl/lib /usr/local/Cellar/libuv/1.11.0/lib";
				LIBRARY_SEARCH_PATHS = (
					"/usr/local/lib/$(CONFIGURATION)$(EFFECTIVE_PLATFORM_NAME)",
					/usr/local/lib,
					"/usr/local/opt/openssl/lib/$(CONFIGURATION)$(EFFECTIVE_PLATFORM_NAME)",
					/usr/local/opt/openssl/lib,
					"/usr/local/Cellar/libuv/1.11.0/lib/$(CONFIGURATION)$(EFFECTIVE_PLATFORM_NAME)",
					/usr/local/Cellar/libuv/1.11.0/lib,
				);
				OTHER_CPLUSPLUSFLAGS = (
					"-I/usr/local/include",
					"-I/usr/local/opt/openssl/include",
					"-std=c++11",
				);
				OTHER_LDFLAGS = (
					"-Wl,-search_paths_first",
					"-Wl,-headerpad_max_install_names",
					"-lz",
					"-lssl",
					"-luv",
					"-luWS",
				);
				OTHER_REZFLAGS = "";
				PRODUCT_NAME = UnscentedKF;
				SECTORDER_FLAGS = "";
				SYMROOT = "/Users/alberto.naranjo/Documents/SD Nanodegree 2017/Term2/Unscented Kalman Filter/CarND-Unscented-Kalman-Filter-Project";
				USE_HEADERMAP = NO;
				WARNING_CFLAGS = (
					"-Wmost",
					"-Wno-four-char-constants",
					"-Wno-unknown-pragmas",
					"$(inherited)",
				);
			};
			name = Debug;
		};
		7F8EBFFDC7F74B218C565B21 /* MinSizeRel */ = {
			isa = XCBuildConfiguration;
			buildSettings = {
				COMBINE_HIDPI_IMAGES = YES;
				GCC_GENERATE_DEBUGGING_SYMBOLS = YES;
				GCC_INLINES_ARE_PRIVATE_EXTERN = NO;
				GCC_OPTIMIZATION_LEVEL = 0;
				GCC_PREPROCESSOR_DEFINITIONS = "'CMAKE_INTDIR=\"$(CONFIGURATION)$(EFFECTIVE_PLATFORM_NAME)\"'";
				GCC_SYMBOLS_PRIVATE_EXTERN = NO;
				HEADER_SEARCH_PATHS = (
					/usr/local/include,
					/usr/local/opt/openssl/include,
				);
				INSTALL_PATH = "";
				OTHER_LDFLAGS = " ";
				OTHER_REZFLAGS = "";
				PRODUCT_NAME = ZERO_CHECK;
				SECTORDER_FLAGS = "";
				SYMROOT = "/Users/alberto.naranjo/Documents/SD Nanodegree 2017/Term2/Unscented Kalman Filter/CarND-Unscented-Kalman-Filter-Project";
				USE_HEADERMAP = NO;
				WARNING_CFLAGS = (
					"-Wmost",
					"-Wno-four-char-constants",
					"-Wno-unknown-pragmas",
					"$(inherited)",
				);
			};
			name = MinSizeRel;
		};
		9503CE68DADD4053A7C2C51D /* Release */ = {
			isa = XCBuildConfiguration;
			buildSettings = {
				COMBINE_HIDPI_IMAGES = YES;
				EXECUTABLE_PREFIX = "";
				EXECUTABLE_SUFFIX = "";
				GCC_GENERATE_DEBUGGING_SYMBOLS = NO;
				GCC_INLINES_ARE_PRIVATE_EXTERN = NO;
				GCC_OPTIMIZATION_LEVEL = 3;
				GCC_PREPROCESSOR_DEFINITIONS = "'CMAKE_INTDIR=\"$(CONFIGURATION)$(EFFECTIVE_PLATFORM_NAME)\"'";
				GCC_SYMBOLS_PRIVATE_EXTERN = NO;
				HEADER_SEARCH_PATHS = (
					/usr/local/include,
					/usr/local/opt/openssl/include,
					"'/Users/alberto.naranjo/Documents/SD Nanodegree 2017/Term2/Unscented Kalman Filter/CarND-Unscented-Kalman-Filter-Project/src'",
				);
				INSTALL_PATH = "";
				LD_RUNPATH_SEARCH_PATHS = "/usr/local/lib /usr/local/opt/openssl/lib /usr/local/Cellar/libuv/1.11.0/lib";
				LIBRARY_SEARCH_PATHS = (
					"/usr/local/lib/$(CONFIGURATION)$(EFFECTIVE_PLATFORM_NAME)",
					/usr/local/lib,
					"/usr/local/opt/openssl/lib/$(CONFIGURATION)$(EFFECTIVE_PLATFORM_NAME)",
					/usr/local/opt/openssl/lib,
					"/usr/local/Cellar/libuv/1.11.0/lib/$(CONFIGURATION)$(EFFECTIVE_PLATFORM_NAME)",
					/usr/local/Cellar/libuv/1.11.0/lib,
				);
				OTHER_CPLUSPLUSFLAGS = (
					"-DNDEBUG",
					"-I/usr/local/include",
					"-I/usr/local/opt/openssl/include",
					"-std=c++11",
				);
				OTHER_LDFLAGS = (
					"-Wl,-search_paths_first",
					"-Wl,-headerpad_max_install_names",
					"-lz",
					"-lssl",
					"-luv",
					"-luWS",
				);
				OTHER_REZFLAGS = "";
				PRODUCT_NAME = UnscentedKF;
				SECTORDER_FLAGS = "";
				SYMROOT = "/Users/alberto.naranjo/Documents/SD Nanodegree 2017/Term2/Unscented Kalman Filter/CarND-Unscented-Kalman-Filter-Project";
				USE_HEADERMAP = NO;
				WARNING_CFLAGS = (
					"-Wmost",
					"-Wno-four-char-constants",
					"-Wno-unknown-pragmas",
					"$(inherited)",
				);
			};
			name = Release;
		};
		9871FB20EB6944AF884746A3 /* Release */ = {
			isa = XCBuildConfiguration;
			buildSettings = {
				COMBINE_HIDPI_IMAGES = YES;
				GCC_GENERATE_DEBUGGING_SYMBOLS = YES;
				GCC_INLINES_ARE_PRIVATE_EXTERN = NO;
				GCC_OPTIMIZATION_LEVEL = 0;
				GCC_PREPROCESSOR_DEFINITIONS = "'CMAKE_INTDIR=\"$(CONFIGURATION)$(EFFECTIVE_PLATFORM_NAME)\"'";
				GCC_SYMBOLS_PRIVATE_EXTERN = NO;
				HEADER_SEARCH_PATHS = (
					/usr/local/include,
					/usr/local/opt/openssl/include,
				);
				INSTALL_PATH = "";
				OTHER_LDFLAGS = " ";
				OTHER_REZFLAGS = "";
				PRODUCT_NAME = ZERO_CHECK;
				SECTORDER_FLAGS = "";
				SYMROOT = "/Users/alberto.naranjo/Documents/SD Nanodegree 2017/Term2/Unscented Kalman Filter/CarND-Unscented-Kalman-Filter-Project";
				USE_HEADERMAP = NO;
				WARNING_CFLAGS = (
					"-Wmost",
					"-Wno-four-char-constants",
					"-Wno-unknown-pragmas",
					"$(inherited)",
				);
			};
			name = Release;
		};
		9FEC6C7A11EF4DD9A53159EE /* MinSizeRel */ = {
			isa = XCBuildConfiguration;
			buildSettings = {
				COMBINE_HIDPI_IMAGES = YES;
				EXECUTABLE_PREFIX = "";
				EXECUTABLE_SUFFIX = "";
				GCC_GENERATE_DEBUGGING_SYMBOLS = NO;
				GCC_INLINES_ARE_PRIVATE_EXTERN = NO;
				GCC_OPTIMIZATION_LEVEL = s;
				GCC_PREPROCESSOR_DEFINITIONS = "'CMAKE_INTDIR=\"$(CONFIGURATION)$(EFFECTIVE_PLATFORM_NAME)\"'";
				GCC_SYMBOLS_PRIVATE_EXTERN = NO;
				HEADER_SEARCH_PATHS = (
					/usr/local/include,
					/usr/local/opt/openssl/include,
					"'/Users/alberto.naranjo/Documents/SD Nanodegree 2017/Term2/Unscented Kalman Filter/CarND-Unscented-Kalman-Filter-Project/src'",
				);
				INSTALL_PATH = "";
				LD_RUNPATH_SEARCH_PATHS = "/usr/local/lib /usr/local/opt/openssl/lib /usr/local/Cellar/libuv/1.11.0/lib";
				LIBRARY_SEARCH_PATHS = (
					"/usr/local/lib/$(CONFIGURATION)$(EFFECTIVE_PLATFORM_NAME)",
					/usr/local/lib,
					"/usr/local/opt/openssl/lib/$(CONFIGURATION)$(EFFECTIVE_PLATFORM_NAME)",
					/usr/local/opt/openssl/lib,
					"/usr/local/Cellar/libuv/1.11.0/lib/$(CONFIGURATION)$(EFFECTIVE_PLATFORM_NAME)",
					/usr/local/Cellar/libuv/1.11.0/lib,
				);
				OTHER_CPLUSPLUSFLAGS = (
					"-DNDEBUG",
					"-I/usr/local/include",
					"-I/usr/local/opt/openssl/include",
					"-std=c++11",
				);
				OTHER_LDFLAGS = (
					"-Wl,-search_paths_first",
					"-Wl,-headerpad_max_install_names",
					"-lz",
					"-lssl",
					"-luv",
					"-luWS",
				);
				OTHER_REZFLAGS = "";
				PRODUCT_NAME = UnscentedKF;
				SECTORDER_FLAGS = "";
				SYMROOT = "/Users/alberto.naranjo/Documents/SD Nanodegree 2017/Term2/Unscented Kalman Filter/CarND-Unscented-Kalman-Filter-Project";
				USE_HEADERMAP = NO;
				WARNING_CFLAGS = (
					"-Wmost",
					"-Wno-four-char-constants",
					"-Wno-unknown-pragmas",
					"$(inherited)",
				);
			};
			name = MinSizeRel;
		};
		D6E706E3794E4030942A804F /* Release */ = {
			isa = XCBuildConfiguration;
			buildSettings = {
				COMBINE_HIDPI_IMAGES = YES;
				GCC_GENERATE_DEBUGGING_SYMBOLS = YES;
				GCC_INLINES_ARE_PRIVATE_EXTERN = NO;
				GCC_OPTIMIZATION_LEVEL = 0;
				GCC_PREPROCESSOR_DEFINITIONS = "'CMAKE_INTDIR=\"$(CONFIGURATION)$(EFFECTIVE_PLATFORM_NAME)\"'";
				GCC_SYMBOLS_PRIVATE_EXTERN = NO;
				HEADER_SEARCH_PATHS = (
					/usr/local/include,
					/usr/local/opt/openssl/include,
					"'/Users/alberto.naranjo/Documents/SD Nanodegree 2017/Term2/Unscented Kalman Filter/CarND-Unscented-Kalman-Filter-Project/src'",
				);
				INSTALL_PATH = "";
				OTHER_LDFLAGS = " ";
				OTHER_REZFLAGS = "";
				PRODUCT_NAME = ALL_BUILD;
				SECTORDER_FLAGS = "";
				SYMROOT = "/Users/alberto.naranjo/Documents/SD Nanodegree 2017/Term2/Unscented Kalman Filter/CarND-Unscented-Kalman-Filter-Project";
				USE_HEADERMAP = NO;
				WARNING_CFLAGS = (
					"-Wmost",
					"-Wno-four-char-constants",
					"-Wno-unknown-pragmas",
					"$(inherited)",
				);
			};
			name = Release;
		};
		DA1588F35FC94F3F9DC65FFA /* Debug */ = {
			isa = XCBuildConfiguration;
			buildSettings = {
				COMBINE_HIDPI_IMAGES = YES;
				GCC_GENERATE_DEBUGGING_SYMBOLS = YES;
				GCC_INLINES_ARE_PRIVATE_EXTERN = NO;
				GCC_OPTIMIZATION_LEVEL = 0;
				GCC_PREPROCESSOR_DEFINITIONS = "'CMAKE_INTDIR=\"$(CONFIGURATION)$(EFFECTIVE_PLATFORM_NAME)\"'";
				GCC_SYMBOLS_PRIVATE_EXTERN = NO;
				HEADER_SEARCH_PATHS = (
					/usr/local/include,
					/usr/local/opt/openssl/include,
				);
				INSTALL_PATH = "";
				OTHER_LDFLAGS = " ";
				OTHER_REZFLAGS = "";
				PRODUCT_NAME = ZERO_CHECK;
				SECTORDER_FLAGS = "";
				SYMROOT = "/Users/alberto.naranjo/Documents/SD Nanodegree 2017/Term2/Unscented Kalman Filter/CarND-Unscented-Kalman-Filter-Project";
				USE_HEADERMAP = NO;
				WARNING_CFLAGS = (
					"-Wmost",
					"-Wno-four-char-constants",
					"-Wno-unknown-pragmas",
					"$(inherited)",
				);
			};
			name = Debug;
		};
		E6383C04C9A141BAA4B45376 /* RelWithDebInfo */ = {
			isa = XCBuildConfiguration;
			buildSettings = {
				COMBINE_HIDPI_IMAGES = YES;
				GCC_GENERATE_DEBUGGING_SYMBOLS = YES;
				GCC_INLINES_ARE_PRIVATE_EXTERN = NO;
				GCC_OPTIMIZATION_LEVEL = 0;
				GCC_PREPROCESSOR_DEFINITIONS = "'CMAKE_INTDIR=\"$(CONFIGURATION)$(EFFECTIVE_PLATFORM_NAME)\"'";
				GCC_SYMBOLS_PRIVATE_EXTERN = NO;
				HEADER_SEARCH_PATHS = (
					/usr/local/include,
					/usr/local/opt/openssl/include,
				);
				INSTALL_PATH = "";
				OTHER_LDFLAGS = " ";
				OTHER_REZFLAGS = "";
				PRODUCT_NAME = ZERO_CHECK;
				SECTORDER_FLAGS = "";
				SYMROOT = "/Users/alberto.naranjo/Documents/SD Nanodegree 2017/Term2/Unscented Kalman Filter/CarND-Unscented-Kalman-Filter-Project";
				USE_HEADERMAP = NO;
				WARNING_CFLAGS = (
					"-Wmost",
					"-Wno-four-char-constants",
					"-Wno-unknown-pragmas",
					"$(inherited)",
				);
			};
			name = RelWithDebInfo;
		};
		EFDE17254C1E4EF98B09BAEE /* Debug */ = {
			isa = XCBuildConfiguration;
			buildSettings = {
				ONLY_ACTIVE_ARCH = YES;
				SDKROOT = /Applications/Xcode.app/Contents/Developer/Platforms/MacOSX.platform/Developer/SDKs/MacOSX10.12.sdk;
				SYMROOT = "/Users/alberto.naranjo/Documents/SD Nanodegree 2017/Term2/Unscented Kalman Filter/CarND-Unscented-Kalman-Filter-Project/build";
			};
			name = Debug;
		};
/* End XCBuildConfiguration section */

/* Begin XCConfigurationList section */
		20F21A0CC14B40FBB4704DBB /* Build configuration list for PBXAggregateTarget "ZERO_CHECK" */ = {
			isa = XCConfigurationList;
			buildConfigurations = (
				DA1588F35FC94F3F9DC65FFA /* Debug */,
				9871FB20EB6944AF884746A3 /* Release */,
				7F8EBFFDC7F74B218C565B21 /* MinSizeRel */,
				E6383C04C9A141BAA4B45376 /* RelWithDebInfo */,
			);
			defaultConfigurationIsVisible = 0;
			defaultConfigurationName = Debug;
		};
		6FB062DEE259415A88D8394C /* Build configuration list for PBXProject "UnscentedKF" */ = {
			isa = XCConfigurationList;
			buildConfigurations = (
				EFDE17254C1E4EF98B09BAEE /* Debug */,
				1B59CD3541BC45839D32C06E /* Release */,
				7692F063792D4FE79BA8B533 /* MinSizeRel */,
				7AD0DD00D6EE453A80AF1029 /* RelWithDebInfo */,
			);
			defaultConfigurationIsVisible = 0;
			defaultConfigurationName = Debug;
		};
		DF55124AB2FD446E880CE1C7 /* Build configuration list for PBXNativeTarget "UnscentedKF" */ = {
			isa = XCConfigurationList;
			buildConfigurations = (
				7DF8C0A1910047018A2376E2 /* Debug */,
				9503CE68DADD4053A7C2C51D /* Release */,
				9FEC6C7A11EF4DD9A53159EE /* MinSizeRel */,
				51BC4302FFFC4A15827B710A /* RelWithDebInfo */,
			);
			defaultConfigurationIsVisible = 0;
			defaultConfigurationName = Debug;
		};
		E8864D95B323479BA345A403 /* Build configuration list for PBXAggregateTarget "ALL_BUILD" */ = {
			isa = XCConfigurationList;
			buildConfigurations = (
				4DEB740A8C9446EBAAE649D7 /* Debug */,
				D6E706E3794E4030942A804F /* Release */,
				59741BEDBC3249529D3E4260 /* MinSizeRel */,
				72A7FADF96AC416A85073333 /* RelWithDebInfo */,
			);
			defaultConfigurationIsVisible = 0;
			defaultConfigurationName = Debug;
		};
/* End XCConfigurationList section */
	};
	rootObject = 6261717DFBAB4A3E91B906B3 /* Project object */;
}
